PODS:
  - boost (1.76.0)
  - BVLinearGradient (2.6.2):
    - React-Core
  - CocoaAsyncSocket (7.6.5)
  - DoubleConversion (1.1.6)
  - FBLazyVector (0.72.5)
  - FBReactNativeSpec (0.72.5):
    - RCT-Folly (= 2021.07.22.00)
    - RCTRequired (= 0.72.5)
    - RCTTypeSafety (= 0.72.5)
    - React-Core (= 0.72.5)
    - React-jsi (= 0.72.5)
    - ReactCommon/turbomodule/core (= 0.72.5)
  - fmt (6.2.1)
  - glog (0.3.5)
  - hermes-engine (0.72.5):
    - hermes-engine/Pre-built (= 0.72.5)
  - hermes-engine/Pre-built (0.72.5)
  - libevent (2.1.12)
  - lottie-ios (3.4.4)
  - lottie-react-native (5.1.6):
    - lottie-ios (~> 3.4.0)
    - React-Core
  - RCT-Folly (2021.07.22.00):
    - boost
    - DoubleConversion
    - fmt (~> 6.2.1)
    - glog
    - RCT-Folly/Default (= 2021.07.22.00)
  - RCT-Folly/Default (2021.07.22.00):
    - boost
    - DoubleConversion
    - fmt (~> 6.2.1)
    - glog
  - RCT-Folly/Futures (2021.07.22.00):
    - boost
    - DoubleConversion
    - fmt (~> 6.2.1)
    - glog
    - libevent
  - RCTRequired (0.72.5)
  - RCTTypeSafety (0.72.5):
    - FBLazyVector (= 0.72.5)
    - RCTRequired (= 0.72.5)
    - React-Core (= 0.72.5)
  - React (0.72.5):
    - React-Core (= 0.72.5)
    - React-Core/DevSupport (= 0.72.5)
    - React-Core/RCTWebSocket (= 0.72.5)
    - React-RCTActionSheet (= 0.72.5)
    - React-RCTAnimation (= 0.72.5)
    - React-RCTBlob (= 0.72.5)
    - React-RCTImage (= 0.72.5)
    - React-RCTLinking (= 0.72.5)
    - React-RCTNetwork (= 0.72.5)
    - React-RCTSettings (= 0.72.5)
    - React-RCTText (= 0.72.5)
    - React-RCTVibration (= 0.72.5)
  - React-callinvoker (0.72.5)
  - React-Codegen (0.72.5):
    - DoubleConversion
    - FBReactNativeSpec
    - glog
    - hermes-engine
    - RCT-Folly
    - RCTRequired
    - RCTTypeSafety
    - React-Core
    - React-jsi
    - React-jsiexecutor
    - React-NativeModulesApple
    - React-rncore
    - ReactCommon/turbomodule/bridging
    - ReactCommon/turbomodule/core
  - React-Core (0.72.5):
    - glog
    - hermes-engine
    - RCT-Folly (= 2021.07.22.00)
    - React-Core/Default (= 0.72.5)
    - React-cxxreact
    - React-hermes
    - React-jsi
    - React-jsiexecutor
    - React-perflogger
    - React-runtimeexecutor
    - React-utils
    - SocketRocket (= 0.6.1)
    - Yoga
  - React-Core/CoreModulesHeaders (0.72.5):
    - glog
    - hermes-engine
    - RCT-Folly (= 2021.07.22.00)
    - React-Core/Default
    - React-cxxreact
    - React-hermes
    - React-jsi
    - React-jsiexecutor
    - React-perflogger
    - React-runtimeexecutor
    - React-utils
    - SocketRocket (= 0.6.1)
    - Yoga
  - React-Core/Default (0.72.5):
    - glog
    - hermes-engine
    - RCT-Folly (= 2021.07.22.00)
    - React-cxxreact
    - React-hermes
    - React-jsi
    - React-jsiexecutor
    - React-perflogger
    - React-runtimeexecutor
    - React-utils
    - SocketRocket (= 0.6.1)
    - Yoga
  - React-Core/DevSupport (0.72.5):
    - glog
    - hermes-engine
    - RCT-Folly (= 2021.07.22.00)
    - React-Core/Default (= 0.72.5)
    - React-Core/RCTWebSocket (= 0.72.5)
    - React-cxxreact
    - React-hermes
    - React-jsi
    - React-jsiexecutor
    - React-jsinspector (= 0.72.5)
    - React-perflogger
    - React-runtimeexecutor
    - React-utils
    - SocketRocket (= 0.6.1)
    - Yoga
  - React-Core/RCTActionSheetHeaders (0.72.5):
    - glog
    - hermes-engine
    - RCT-Folly (= 2021.07.22.00)
    - React-Core/Default
    - React-cxxreact
    - React-hermes
    - React-jsi
    - React-jsiexecutor
    - React-perflogger
    - React-runtimeexecutor
    - React-utils
    - SocketRocket (= 0.6.1)
    - Yoga
  - React-Core/RCTAnimationHeaders (0.72.5):
    - glog
    - hermes-engine
    - RCT-Folly (= 2021.07.22.00)
    - React-Core/Default
    - React-cxxreact
    - React-hermes
    - React-jsi
    - React-jsiexecutor
    - React-perflogger
    - React-runtimeexecutor
    - React-utils
    - SocketRocket (= 0.6.1)
    - Yoga
  - React-Core/RCTBlobHeaders (0.72.5):
    - glog
    - hermes-engine
    - RCT-Folly (= 2021.07.22.00)
    - React-Core/Default
    - React-cxxreact
    - React-hermes
    - React-jsi
    - React-jsiexecutor
    - React-perflogger
    - React-runtimeexecutor
    - React-utils
    - SocketRocket (= 0.6.1)
    - Yoga
  - React-Core/RCTImageHeaders (0.72.5):
    - glog
    - hermes-engine
    - RCT-Folly (= 2021.07.22.00)
    - React-Core/Default
    - React-cxxreact
    - React-hermes
    - React-jsi
    - React-jsiexecutor
    - React-perflogger
    - React-runtimeexecutor
    - React-utils
    - SocketRocket (= 0.6.1)
    - Yoga
  - React-Core/RCTLinkingHeaders (0.72.5):
    - glog
    - hermes-engine
    - RCT-Folly (= 2021.07.22.00)
    - React-Core/Default
    - React-cxxreact
    - React-hermes
    - React-jsi
    - React-jsiexecutor
    - React-perflogger
    - React-runtimeexecutor
    - React-utils
    - SocketRocket (= 0.6.1)
    - Yoga
  - React-Core/RCTNetworkHeaders (0.72.5):
    - glog
    - hermes-engine
    - RCT-Folly (= 2021.07.22.00)
    - React-Core/Default
    - React-cxxreact
    - React-hermes
    - React-jsi
    - React-jsiexecutor
    - React-perflogger
    - React-runtimeexecutor
    - React-utils
    - SocketRocket (= 0.6.1)
    - Yoga
  - React-Core/RCTSettingsHeaders (0.72.5):
    - glog
    - hermes-engine
    - RCT-Folly (= 2021.07.22.00)
    - React-Core/Default
    - React-cxxreact
    - React-hermes
    - React-jsi
    - React-jsiexecutor
    - React-perflogger
    - React-runtimeexecutor
    - React-utils
    - SocketRocket (= 0.6.1)
    - Yoga
  - React-Core/RCTTextHeaders (0.72.5):
    - glog
    - hermes-engine
    - RCT-Folly (= 2021.07.22.00)
    - React-Core/Default
    - React-cxxreact
    - React-hermes
    - React-jsi
    - React-jsiexecutor
    - React-perflogger
    - React-runtimeexecutor
    - React-utils
    - SocketRocket (= 0.6.1)
    - Yoga
  - React-Core/RCTVibrationHeaders (0.72.5):
    - glog
    - hermes-engine
    - RCT-Folly (= 2021.07.22.00)
    - React-Core/Default
    - React-cxxreact
    - React-hermes
    - React-jsi
    - React-jsiexecutor
    - React-perflogger
    - React-runtimeexecutor
    - React-utils
    - SocketRocket (= 0.6.1)
    - Yoga
  - React-Core/RCTWebSocket (0.72.5):
    - glog
    - hermes-engine
    - RCT-Folly (= 2021.07.22.00)
    - React-Core/Default (= 0.72.5)
    - React-cxxreact
    - React-hermes
    - React-jsi
    - React-jsiexecutor
    - React-perflogger
    - React-runtimeexecutor
    - React-utils
    - SocketRocket (= 0.6.1)
    - Yoga
  - React-CoreModules (0.72.5):
    - RCT-Folly (= 2021.07.22.00)
    - RCTTypeSafety (= 0.72.5)
    - React-Codegen (= 0.72.5)
    - React-Core/CoreModulesHeaders (= 0.72.5)
    - React-jsi (= 0.72.5)
    - React-RCTBlob
    - React-RCTImage (= 0.72.5)
    - ReactCommon/turbomodule/core (= 0.72.5)
    - SocketRocket (= 0.6.1)
  - React-cxxreact (0.72.5):
    - boost (= 1.76.0)
    - DoubleConversion
    - glog
    - hermes-engine
    - RCT-Folly (= 2021.07.22.00)
    - React-callinvoker (= 0.72.5)
    - React-debug (= 0.72.5)
    - React-jsi (= 0.72.5)
    - React-jsinspector (= 0.72.5)
    - React-logger (= 0.72.5)
    - React-perflogger (= 0.72.5)
    - React-runtimeexecutor (= 0.72.5)
  - React-debug (0.72.5)
  - React-hermes (0.72.5):
    - DoubleConversion
    - glog
    - hermes-engine
    - RCT-Folly (= 2021.07.22.00)
    - RCT-Folly/Futures (= 2021.07.22.00)
    - React-cxxreact (= 0.72.5)
    - React-jsi
    - React-jsiexecutor (= 0.72.5)
    - React-jsinspector (= 0.72.5)
    - React-perflogger (= 0.72.5)
  - React-jsi (0.72.5):
    - boost (= 1.76.0)
    - DoubleConversion
    - glog
    - hermes-engine
    - RCT-Folly (= 2021.07.22.00)
  - React-jsiexecutor (0.72.5):
    - DoubleConversion
    - glog
    - hermes-engine
    - RCT-Folly (= 2021.07.22.00)
    - React-cxxreact (= 0.72.5)
    - React-jsi (= 0.72.5)
    - React-perflogger (= 0.72.5)
  - React-jsinspector (0.72.5)
  - React-logger (0.72.5):
    - glog
  - react-native-biometrics (3.0.1):
    - React-Core
  - react-native-blob-util (0.19.1):
    - React-Core
  - react-native-date-picker (4.3.3):
    - React-Core
  - react-native-encrypted-storage (4.0.3):
    - React-Core
  - react-native-get-random-values (1.9.0):
    - React-Core
  - react-native-hce (0.1.2):
    - React
  - react-native-image-picker (5.0.1):
    - React-Core
  - react-native-netinfo (9.4.1):
    - React-Core
  - react-native-nfc-manager (3.13.0):
    - React
  - react-native-notifications (5.1.0):
    - React-Core
  - react-native-randombytes (3.5.3):
    - React
  - react-native-restart (0.0.27):
    - React-Core
  - react-native-safe-area-context (0.6.4):
    - React
  - react-native-skia (0.1.213):
    - React
    - React-callinvoker
    - React-Core
  - react-native-tor (0.1.8):
    - React
  - react-native-udp (4.1.7):
    - CocoaAsyncSocket
    - React-Core
  - React-NativeModulesApple (0.72.5):
    - hermes-engine
    - React-callinvoker
    - React-Core
    - React-cxxreact
    - React-jsi
    - React-runtimeexecutor
    - ReactCommon/turbomodule/bridging
    - ReactCommon/turbomodule/core
  - React-perflogger (0.72.5)
  - React-RCTActionSheet (0.72.5):
    - React-Core/RCTActionSheetHeaders (= 0.72.5)
  - React-RCTAnimation (0.72.5):
    - RCT-Folly (= 2021.07.22.00)
    - RCTTypeSafety (= 0.72.5)
    - React-Codegen (= 0.72.5)
    - React-Core/RCTAnimationHeaders (= 0.72.5)
    - React-jsi (= 0.72.5)
    - ReactCommon/turbomodule/core (= 0.72.5)
  - React-RCTAppDelegate (0.72.5):
    - RCT-Folly
    - RCTRequired
    - RCTTypeSafety
    - React-Core
    - React-CoreModules
    - React-hermes
    - React-NativeModulesApple
    - React-RCTImage
    - React-RCTNetwork
    - React-runtimescheduler
    - ReactCommon/turbomodule/core
  - React-RCTBlob (0.72.5):
    - hermes-engine
    - RCT-Folly (= 2021.07.22.00)
    - React-Codegen (= 0.72.5)
    - React-Core/RCTBlobHeaders (= 0.72.5)
    - React-Core/RCTWebSocket (= 0.72.5)
    - React-jsi (= 0.72.5)
    - React-RCTNetwork (= 0.72.5)
    - ReactCommon/turbomodule/core (= 0.72.5)
  - React-RCTImage (0.72.5):
    - RCT-Folly (= 2021.07.22.00)
    - RCTTypeSafety (= 0.72.5)
    - React-Codegen (= 0.72.5)
    - React-Core/RCTImageHeaders (= 0.72.5)
    - React-jsi (= 0.72.5)
    - React-RCTNetwork (= 0.72.5)
    - ReactCommon/turbomodule/core (= 0.72.5)
  - React-RCTLinking (0.72.5):
    - React-Codegen (= 0.72.5)
    - React-Core/RCTLinkingHeaders (= 0.72.5)
    - React-jsi (= 0.72.5)
    - ReactCommon/turbomodule/core (= 0.72.5)
  - React-RCTNetwork (0.72.5):
    - RCT-Folly (= 2021.07.22.00)
    - RCTTypeSafety (= 0.72.5)
    - React-Codegen (= 0.72.5)
    - React-Core/RCTNetworkHeaders (= 0.72.5)
    - React-jsi (= 0.72.5)
    - ReactCommon/turbomodule/core (= 0.72.5)
  - React-RCTSettings (0.72.5):
    - RCT-Folly (= 2021.07.22.00)
    - RCTTypeSafety (= 0.72.5)
    - React-Codegen (= 0.72.5)
    - React-Core/RCTSettingsHeaders (= 0.72.5)
    - React-jsi (= 0.72.5)
    - ReactCommon/turbomodule/core (= 0.72.5)
  - React-RCTText (0.72.5):
    - React-Core/RCTTextHeaders (= 0.72.5)
  - React-RCTVibration (0.72.5):
    - RCT-Folly (= 2021.07.22.00)
    - React-Codegen (= 0.72.5)
    - React-Core/RCTVibrationHeaders (= 0.72.5)
    - React-jsi (= 0.72.5)
    - ReactCommon/turbomodule/core (= 0.72.5)
  - React-rncore (0.72.5)
  - React-runtimeexecutor (0.72.5):
    - React-jsi (= 0.72.5)
  - React-runtimescheduler (0.72.5):
    - glog
    - hermes-engine
    - RCT-Folly (= 2021.07.22.00)
    - React-callinvoker
    - React-debug
    - React-jsi
    - React-runtimeexecutor
  - React-utils (0.72.5):
    - glog
    - RCT-Folly (= 2021.07.22.00)
    - React-debug
  - ReactCommon/turbomodule/bridging (0.72.5):
    - DoubleConversion
    - glog
    - hermes-engine
    - RCT-Folly (= 2021.07.22.00)
    - React-callinvoker (= 0.72.5)
    - React-cxxreact (= 0.72.5)
    - React-jsi (= 0.72.5)
    - React-logger (= 0.72.5)
    - React-perflogger (= 0.72.5)
  - ReactCommon/turbomodule/core (0.72.5):
    - DoubleConversion
    - glog
    - hermes-engine
    - RCT-Folly (= 2021.07.22.00)
    - React-callinvoker (= 0.72.5)
    - React-cxxreact (= 0.72.5)
    - React-jsi (= 0.72.5)
    - React-logger (= 0.72.5)
    - React-perflogger (= 0.72.5)
  - ReactNativeCameraKit (13.0.0):
    - React-Core
  - RemobileReactNativeQrcodeLocalImage (1.0.4):
    - React
  - RNCAsyncStorage (1.19.3):
    - React-Core
  - RNCClipboard (1.9.0):
    - React-Core
  - RNCMaskedView (0.1.11):
    - React
  - RNCPicker (2.4.8):
    - React-Core
  - RNGestureHandler (2.12.1):
    - React-Core
  - RNKeychain (8.1.1):
    - React-Core
  - RNPermissions (3.8.0):
    - React-Core
  - RNReanimated (3.5.4):
    - DoubleConversion
    - FBLazyVector
    - glog
    - hermes-engine
    - RCT-Folly
    - RCTRequired
    - RCTTypeSafety
    - React-callinvoker
    - React-Core
    - React-Core/DevSupport
    - React-Core/RCTWebSocket
    - React-CoreModules
    - React-cxxreact
    - React-hermes
    - React-jsi
    - React-jsiexecutor
    - React-jsinspector
    - React-RCTActionSheet
    - React-RCTAnimation
    - React-RCTAppDelegate
    - React-RCTBlob
    - React-RCTImage
    - React-RCTLinking
    - React-RCTNetwork
    - React-RCTSettings
    - React-RCTText
    - ReactCommon/turbomodule/core
    - Yoga
  - RNScreens (3.23.0):
    - React-Core
    - React-RCTImage
  - RNSecureRandom (1.0.1):
    - React
  - RNSVG (13.14.0):
    - React-Core
  - RNVectorIcons (7.1.0):
    - React
  - SocketRocket (0.6.1)
  - SwiftProtobuf (1.23.0)
  - TcpSockets (4.0.0):
    - React
  - Yoga (1.14.0)

DEPENDENCIES:
  - boost (from `../node_modules/react-native/third-party-podspecs/boost.podspec`)
  - BVLinearGradient (from `../node_modules/react-native-linear-gradient`)
  - DoubleConversion (from `../node_modules/react-native/third-party-podspecs/DoubleConversion.podspec`)
  - FBLazyVector (from `../node_modules/react-native/Libraries/FBLazyVector`)
  - FBReactNativeSpec (from `../node_modules/react-native/React/FBReactNativeSpec`)
  - glog (from `../node_modules/react-native/third-party-podspecs/glog.podspec`)
  - hermes-engine (from `../node_modules/react-native/sdks/hermes-engine/hermes-engine.podspec`)
  - libevent (~> 2.1.12)
  - lottie-react-native (from `../node_modules/lottie-react-native`)
  - RCT-Folly (from `../node_modules/react-native/third-party-podspecs/RCT-Folly.podspec`)
  - RCTRequired (from `../node_modules/react-native/Libraries/RCTRequired`)
  - RCTTypeSafety (from `../node_modules/react-native/Libraries/TypeSafety`)
  - React (from `../node_modules/react-native/`)
  - React-callinvoker (from `../node_modules/react-native/ReactCommon/callinvoker`)
  - React-Codegen (from `build/generated/ios`)
  - React-Core (from `../node_modules/react-native/`)
  - React-Core/RCTWebSocket (from `../node_modules/react-native/`)
  - React-CoreModules (from `../node_modules/react-native/React/CoreModules`)
  - React-cxxreact (from `../node_modules/react-native/ReactCommon/cxxreact`)
  - React-debug (from `../node_modules/react-native/ReactCommon/react/debug`)
  - React-hermes (from `../node_modules/react-native/ReactCommon/hermes`)
  - React-jsi (from `../node_modules/react-native/ReactCommon/jsi`)
  - React-jsiexecutor (from `../node_modules/react-native/ReactCommon/jsiexecutor`)
  - React-jsinspector (from `../node_modules/react-native/ReactCommon/jsinspector`)
  - React-logger (from `../node_modules/react-native/ReactCommon/logger`)
  - react-native-biometrics (from `../node_modules/react-native-biometrics`)
  - react-native-blob-util (from `../node_modules/react-native-blob-util`)
  - react-native-date-picker (from `../node_modules/react-native-date-picker`)
  - react-native-encrypted-storage (from `../node_modules/react-native-encrypted-storage`)
  - react-native-get-random-values (from `../node_modules/react-native-get-random-values`)
  - react-native-hce (from `../node_modules/react-native-hce`)
  - react-native-image-picker (from `../node_modules/react-native-image-picker`)
  - "react-native-netinfo (from `../node_modules/@react-native-community/netinfo`)"
  - react-native-nfc-manager (from `../node_modules/react-native-nfc-manager`)
  - react-native-notifications (from `../node_modules/react-native-notifications`)
  - react-native-randombytes (from `../node_modules/react-native-randombytes`)
  - react-native-restart (from `../node_modules/react-native-restart`)
  - react-native-safe-area-context (from `../node_modules/react-native-safe-area-context`)
  - "react-native-skia (from `../node_modules/@shopify/react-native-skia`)"
  - react-native-tor (from `../node_modules/react-native-tor`)
  - react-native-udp (from `../node_modules/react-native-udp`)
  - React-NativeModulesApple (from `../node_modules/react-native/ReactCommon/react/nativemodule/core/platform/ios`)
  - React-perflogger (from `../node_modules/react-native/ReactCommon/reactperflogger`)
  - React-RCTActionSheet (from `../node_modules/react-native/Libraries/ActionSheetIOS`)
  - React-RCTAnimation (from `../node_modules/react-native/Libraries/NativeAnimation`)
  - React-RCTAppDelegate (from `../node_modules/react-native/Libraries/AppDelegate`)
  - React-RCTBlob (from `../node_modules/react-native/Libraries/Blob`)
  - React-RCTImage (from `../node_modules/react-native/Libraries/Image`)
  - React-RCTLinking (from `../node_modules/react-native/Libraries/LinkingIOS`)
  - React-RCTNetwork (from `../node_modules/react-native/Libraries/Network`)
  - React-RCTSettings (from `../node_modules/react-native/Libraries/Settings`)
  - React-RCTText (from `../node_modules/react-native/Libraries/Text`)
  - React-RCTVibration (from `../node_modules/react-native/Libraries/Vibration`)
  - React-rncore (from `../node_modules/react-native/ReactCommon`)
  - React-runtimeexecutor (from `../node_modules/react-native/ReactCommon/runtimeexecutor`)
  - React-runtimescheduler (from `../node_modules/react-native/ReactCommon/react/renderer/runtimescheduler`)
  - React-utils (from `../node_modules/react-native/ReactCommon/react/utils`)
  - ReactCommon/turbomodule/core (from `../node_modules/react-native/ReactCommon`)
  - ReactNativeCameraKit (from `../node_modules/react-native-camera-kit`)
  - "RemobileReactNativeQrcodeLocalImage (from `../node_modules/@remobile/react-native-qrcode-local-image`)"
  - "RNCAsyncStorage (from `../node_modules/@react-native-async-storage/async-storage`)"
  - "RNCClipboard (from `../node_modules/@react-native-clipboard/clipboard`)"
  - "RNCMaskedView (from `../node_modules/@react-native-community/masked-view`)"
  - "RNCPicker (from `../node_modules/@react-native-picker/picker`)"
  - RNGestureHandler (from `../node_modules/react-native-gesture-handler`)
  - RNKeychain (from `../node_modules/react-native-keychain`)
  - RNPermissions (from `../node_modules/react-native-permissions`)
  - RNReanimated (from `../node_modules/react-native-reanimated`)
  - RNScreens (from `../node_modules/react-native-screens`)
  - RNSecureRandom (from `../node_modules/react-native-securerandom`)
  - RNSVG (from `../node_modules/react-native-svg`)
  - RNVectorIcons (from `../node_modules/react-native-vector-icons`)
  - SwiftProtobuf (~> 1.0)
  - TcpSockets (from `../node_modules/react-native-tcp`)
  - Yoga (from `../node_modules/react-native/ReactCommon/yoga`)

SPEC REPOS:
  trunk:
    - CocoaAsyncSocket
    - fmt
    - libevent
    - lottie-ios
    - SocketRocket
    - SwiftProtobuf

EXTERNAL SOURCES:
  boost:
    :podspec: "../node_modules/react-native/third-party-podspecs/boost.podspec"
  BVLinearGradient:
    :path: "../node_modules/react-native-linear-gradient"
  DoubleConversion:
    :podspec: "../node_modules/react-native/third-party-podspecs/DoubleConversion.podspec"
  FBLazyVector:
    :path: "../node_modules/react-native/Libraries/FBLazyVector"
  FBReactNativeSpec:
    :path: "../node_modules/react-native/React/FBReactNativeSpec"
  glog:
    :podspec: "../node_modules/react-native/third-party-podspecs/glog.podspec"
  hermes-engine:
    :podspec: "../node_modules/react-native/sdks/hermes-engine/hermes-engine.podspec"
    :tag: hermes-2023-08-07-RNv0.72.4-813b2def12bc9df02654b3e3653ae4a68d0572e0
  lottie-react-native:
    :path: "../node_modules/lottie-react-native"
  RCT-Folly:
    :podspec: "../node_modules/react-native/third-party-podspecs/RCT-Folly.podspec"
  RCTRequired:
    :path: "../node_modules/react-native/Libraries/RCTRequired"
  RCTTypeSafety:
    :path: "../node_modules/react-native/Libraries/TypeSafety"
  React:
    :path: "../node_modules/react-native/"
  React-callinvoker:
    :path: "../node_modules/react-native/ReactCommon/callinvoker"
  React-Codegen:
    :path: build/generated/ios
  React-Core:
    :path: "../node_modules/react-native/"
  React-CoreModules:
    :path: "../node_modules/react-native/React/CoreModules"
  React-cxxreact:
    :path: "../node_modules/react-native/ReactCommon/cxxreact"
  React-debug:
    :path: "../node_modules/react-native/ReactCommon/react/debug"
  React-hermes:
    :path: "../node_modules/react-native/ReactCommon/hermes"
  React-jsi:
    :path: "../node_modules/react-native/ReactCommon/jsi"
  React-jsiexecutor:
    :path: "../node_modules/react-native/ReactCommon/jsiexecutor"
  React-jsinspector:
    :path: "../node_modules/react-native/ReactCommon/jsinspector"
  React-logger:
    :path: "../node_modules/react-native/ReactCommon/logger"
  react-native-biometrics:
    :path: "../node_modules/react-native-biometrics"
  react-native-blob-util:
    :path: "../node_modules/react-native-blob-util"
  react-native-date-picker:
    :path: "../node_modules/react-native-date-picker"
  react-native-encrypted-storage:
    :path: "../node_modules/react-native-encrypted-storage"
  react-native-get-random-values:
    :path: "../node_modules/react-native-get-random-values"
  react-native-hce:
    :path: "../node_modules/react-native-hce"
  react-native-image-picker:
    :path: "../node_modules/react-native-image-picker"
  react-native-netinfo:
    :path: "../node_modules/@react-native-community/netinfo"
  react-native-nfc-manager:
    :path: "../node_modules/react-native-nfc-manager"
  react-native-notifications:
    :path: "../node_modules/react-native-notifications"
  react-native-randombytes:
    :path: "../node_modules/react-native-randombytes"
  react-native-restart:
    :path: "../node_modules/react-native-restart"
  react-native-safe-area-context:
    :path: "../node_modules/react-native-safe-area-context"
  react-native-skia:
    :path: "../node_modules/@shopify/react-native-skia"
  react-native-tor:
    :path: "../node_modules/react-native-tor"
  react-native-udp:
    :path: "../node_modules/react-native-udp"
  React-NativeModulesApple:
    :path: "../node_modules/react-native/ReactCommon/react/nativemodule/core/platform/ios"
  React-perflogger:
    :path: "../node_modules/react-native/ReactCommon/reactperflogger"
  React-RCTActionSheet:
    :path: "../node_modules/react-native/Libraries/ActionSheetIOS"
  React-RCTAnimation:
    :path: "../node_modules/react-native/Libraries/NativeAnimation"
  React-RCTAppDelegate:
    :path: "../node_modules/react-native/Libraries/AppDelegate"
  React-RCTBlob:
    :path: "../node_modules/react-native/Libraries/Blob"
  React-RCTImage:
    :path: "../node_modules/react-native/Libraries/Image"
  React-RCTLinking:
    :path: "../node_modules/react-native/Libraries/LinkingIOS"
  React-RCTNetwork:
    :path: "../node_modules/react-native/Libraries/Network"
  React-RCTSettings:
    :path: "../node_modules/react-native/Libraries/Settings"
  React-RCTText:
    :path: "../node_modules/react-native/Libraries/Text"
  React-RCTVibration:
    :path: "../node_modules/react-native/Libraries/Vibration"
  React-rncore:
    :path: "../node_modules/react-native/ReactCommon"
  React-runtimeexecutor:
    :path: "../node_modules/react-native/ReactCommon/runtimeexecutor"
  React-runtimescheduler:
    :path: "../node_modules/react-native/ReactCommon/react/renderer/runtimescheduler"
  React-utils:
    :path: "../node_modules/react-native/ReactCommon/react/utils"
  ReactCommon:
    :path: "../node_modules/react-native/ReactCommon"
  ReactNativeCameraKit:
    :path: "../node_modules/react-native-camera-kit"
  RemobileReactNativeQrcodeLocalImage:
    :path: "../node_modules/@remobile/react-native-qrcode-local-image"
  RNCAsyncStorage:
    :path: "../node_modules/@react-native-async-storage/async-storage"
  RNCClipboard:
    :path: "../node_modules/@react-native-clipboard/clipboard"
  RNCMaskedView:
    :path: "../node_modules/@react-native-community/masked-view"
  RNCPicker:
    :path: "../node_modules/@react-native-picker/picker"
  RNGestureHandler:
    :path: "../node_modules/react-native-gesture-handler"
  RNKeychain:
    :path: "../node_modules/react-native-keychain"
  RNPermissions:
    :path: "../node_modules/react-native-permissions"
  RNReanimated:
    :path: "../node_modules/react-native-reanimated"
  RNScreens:
    :path: "../node_modules/react-native-screens"
  RNSecureRandom:
    :path: "../node_modules/react-native-securerandom"
  RNSVG:
    :path: "../node_modules/react-native-svg"
  RNVectorIcons:
    :path: "../node_modules/react-native-vector-icons"
  TcpSockets:
    :path: "../node_modules/react-native-tcp"
  Yoga:
    :path: "../node_modules/react-native/ReactCommon/yoga"

SPEC CHECKSUMS:
  boost: 57d2868c099736d80fcd648bf211b4431e51a558
  BVLinearGradient: 34a999fda29036898a09c6a6b728b0b4189e1a44
  CocoaAsyncSocket: 065fd1e645c7abab64f7a6a2007a48038fdc6a99
  DoubleConversion: 5189b271737e1565bdce30deb4a08d647e3f5f54
  FBLazyVector: 71803c074f6325f10b5ec891c443b6bbabef0ca7
  FBReactNativeSpec: 448e08a759d29a96e15725ae532445bf4343567c
  fmt: ff9d55029c625d3757ed641535fd4a75fedc7ce9
  glog: 04b94705f318337d7ead9e6d17c019bd9b1f6b1b
  hermes-engine: f6cf92a471053245614d9d8097736f6337d5b86c
  libevent: 4049cae6c81cdb3654a443be001fb9bdceff7913
  lottie-ios: 8f97d3271e155c2d688875c29cd3c74908aef5f8
  lottie-react-native: 8f9d4be452e23f6e5ca0fdc11669dc99ab52be81
  RCT-Folly: 424b8c9a7a0b9ab2886ffe9c3b041ef628fd4fb1
  RCTRequired: df81ab637d35fac9e6eb94611cfd20f0feb05455
  RCTTypeSafety: 4636e4a36c7c2df332bda6d59b19b41c443d4287
  React: e0cc5197a804031a6c53fb38483c3485fcb9d6f3
  React-callinvoker: 1a635856fe0c3d8b13fccd4ed7e76283b99b0868
  React-Codegen: 78d61f981cccc68a771a598f71621cb7db14b04c
  React-Core: 252f8e9ca5a4e91af9b9be58670846d662b1c49f
  React-CoreModules: f8b9e91fac7bd5d18729ce961a4978c70b5031cc
  React-cxxreact: 70284b32dcd367439d7dae84d9f72660544181b5
  React-debug: ee33d7ba43766d9b10b32561527b57ccfbcb6bd1
  React-hermes: 91f97ea2669dc5847e1f26c243aaad913319c570
  React-jsi: bd68b7779746014f01ea72d1b738809e132d7f1e
  React-jsiexecutor: ff70a72027dea5cc7d71cfcc6fad7f599f63987a
  React-jsinspector: aef73cbd43b70675f572214d10fa438c89bf11ba
  React-logger: 2e4aee3e11b3ec4fa6cfd8004610bbb3b8d6cca4
  react-native-biometrics: 352e5a794bfffc46a0c86725ea7dc62deb085bdc
  react-native-blob-util: af2dc91365bfde33f61389cbd0c692af9a4a97cb
  react-native-date-picker: 1d61c76315098a6ad4c643a356f005916c7d4875
  react-native-encrypted-storage: db300a3f2f0aba1e818417c1c0a6be549038deb7
  react-native-get-random-values: dee677497c6a740b71e5612e8dbd83e7539ed5bb
  react-native-hce: 677aa1c41edf183523bb7b1014d106a08631ff88
  react-native-image-picker: 8cb4280e2c1efc3daeb2d9d597f9429a60472e40
  react-native-netinfo: fefd4e98d75cbdd6e85fc530f7111a8afdf2b0c5
  react-native-nfc-manager: 001c3a98e68efd57b7fb04b1837ab06ca7243238
  react-native-notifications: 4601a5a8db4ced6ae7cfc43b44d35fe437ac50c4
  react-native-randombytes: 3638d24759d67c68f6ccba60c52a7a8a8faa6a23
  react-native-restart: 7595693413fe3ca15893702f2c8306c62a708162
  react-native-safe-area-context: 52342d2d80ea8faadd0ffa76d83b6051f20c5329
  react-native-skia: 4327dd69d3272313b91ea753a2d6dd5d9bebba42
  react-native-tor: 3b14e9160b2eb7fa3f310921b2dee71a5171e5b7
  react-native-udp: df79c3cb72c4e71240cd3ce4687bfb8a137140d5
  React-NativeModulesApple: 797bc6078d566eef3fb3f74127e6e1d2e945a15f
  React-perflogger: cd8886513f68e1c135a1e79d20575c6489641597
  React-RCTActionSheet: 726d2615ca62a77ce3e2c13d87f65379cdc73498
  React-RCTAnimation: 8f2716b881c37c64858e4ecee0f58bfa57ff9afd
  React-RCTAppDelegate: d4a213f29e81682f6b9c7d22f62a2ccab6d125ae
  React-RCTBlob: dfaa933231c3497915bbcc9d98fcff7b6b60582c
  React-RCTImage: 747e3d7b656a67470f9c234baedb8d41bbc4e745
  React-RCTLinking: 148332b5b0396b280b05534f7d168e560a3bbd5f
  React-RCTNetwork: 1d818121a8e678f064de663a6db7aaefc099e53c
  React-RCTSettings: 4b95d26ebc88bfd3b6535b2d7904914ff88dbfc2
  React-RCTText: ce4499e4f2d8f85dc4b93ff0559313a016c4f3e2
  React-RCTVibration: 45372e61b35e96d16893540958d156675afbeb63
  React-rncore: a79d1cb3d6c01b358a8aa0b31ccc04ab5f0dbebc
  React-runtimeexecutor: 7e31e2bc6d0ecc83d4ba05eadc98401007abc10c
  React-runtimescheduler: cc32add98c45c5df18436a6a52a7e1f6edec102c
  React-utils: 7a9918a1ffdd39aba67835d42386f592ea3f8e76
  ReactCommon: 91ece8350ebb3dd2be9cef662abd78b6948233c0
  ReactNativeCameraKit: 9d46a5d7dd544ca64aa9c03c150d2348faf437eb
  RemobileReactNativeQrcodeLocalImage: 57aadc12896b148fb5e04bc7c6805f3565f5c3fa
  RNCAsyncStorage: c913ede1fa163a71cea118ed4670bbaaa4b511bb
  RNCClipboard: 99fc8ad669a376b756fbc8098ae2fd05c0ed0668
  RNCMaskedView: 0e1bc4bfa8365eba5fbbb71e07fbdc0555249489
  RNCPicker: 0bf8ef8f7800524f32d2bb2a8bcadd53eda0ecd1
  RNGestureHandler: c0d04458598fcb26052494ae23dda8f8f5162b13
  RNKeychain: ff836453cba46938e0e9e4c22e43d43fa2c90333
  RNPermissions: 06845210af313594dc3fe5e8ae6afc820d791409
  RNReanimated: ab2e96c6d5591c3dfbb38a464f54c8d17fb34a87
  RNScreens: 6a8a3c6b808aa48dca1780df7b73ea524f602c63
  RNSecureRandom: 07efbdf2cd99efe13497433668e54acd7df49fef
  RNSVG: d00c8f91c3cbf6d476451313a18f04d220d4f396
  RNVectorIcons: bc69e6a278b14842063605de32bec61f0b251a59
  SocketRocket: f32cd54efbe0f095c4d7594881e52619cfe80b17
  SwiftProtobuf: b70d65f419fbfe61a2d58003456ca5da58e337d6
  TcpSockets: 4ef55305239923b343ed0a378b1fac188b1373b0
  Yoga: 86fed2e4d425ee4c6eab3813ba1791101ee153c6

PODFILE CHECKSUM: 643f83a7955aa123651bac4a54204e22598914df

COCOAPODS: 1.12.1
